{
    "name": "cobblestyle-2",
    "version": "1.5.0",
    "lockfileVersion": 2,
    "requires": true,
    "packages": {
        "": {
            "name": "cobblestyle-2",
            "version": "1.5.0",
            "dependencies": {
                "pebble-clay": "^1.0.4",
                "pebble-events": "^1.2.0",
                "pebble-fctx": "^1.6.2",
                "pebble-generic-weather": "^1.1.2",
                "pebble-localize": "^0.1.2",
                "pebble-simple-health": "^1.0.5",
                "pebble-utf8": "1.0.1"
            }
        },
        "node_modules/@smallstoneapps/linked-list": {
            "version": "1.4.0",
            "resolved": "https://registry.npmjs.org/@smallstoneapps/linked-list/-/linked-list-1.4.0.tgz",
            "integrity": "sha512-UfGJfnRgb5eB/Mm1ZppupO7oEMgXD23mKs/T/QD0BiA23EPEju7xIdhDI1e7uiqdxuwBRHApg6iLB9Sy7HciWg=="
        },
        "node_modules/pebble-clay": {
            "version": "1.0.4",
            "resolved": "https://registry.npmjs.org/pebble-clay/-/pebble-clay-1.0.4.tgz",
            "integrity": "sha512-/rXxmltdW8JyohDzXINdea+d2wnFJVNFiTXfuZsKpySURZSCFMMucX9sZPZvbHnEA4xFINM4iicyhBbvY4ALfw=="
        },
        "node_modules/pebble-events": {
            "version": "1.2.0",
            "resolved": "https://registry.npmjs.org/pebble-events/-/pebble-events-1.2.0.tgz",
            "integrity": "sha512-lxHrEfxGQw7umptcwhIzGfPvo6QRpgwT570DuMN3lham1HCPOSkzEqrOOQz/LPyuZpBgzuymEKrHwbLLK0hcwg==",
            "dependencies": {
                "@smallstoneapps/linked-list": "^1.3.0"
            }
        },
        "node_modules/pebble-fctx": {
            "version": "1.6.2",
            "resolved": "https://registry.npmjs.org/pebble-fctx/-/pebble-fctx-1.6.2.tgz",
            "integrity": "sha512-eNpDWn/10Y4Uq5sgrkJUPh4P3FOJ81UDeBXNrVZjHvFaxXepmLMHpkEvViQ/Z+XW5u6Y3MhvmKPbUYGsp0UTSw==",
            "dependencies": {
                "pebble-utf8": "^1.0.1"
            }
        },
        "node_modules/pebble-generic-weather": {
            "version": "1.1.6",
            "resolved": "https://registry.npmjs.org/pebble-generic-weather/-/pebble-generic-weather-1.1.6.tgz",
            "integrity": "sha512-SAuVc5RL4ZTo879Dj+UsphdgxTppWDOy4vsMCJ1qiLUg8cLVcdXYGYjxr+P+KulAFtDtAqqFMqNxOo1CF4mjgQ==",
            "dependencies": {
                "pebble-events": "^1.0.0",
                "suncalc": "^1.7.0"
            }
        },
        "node_modules/pebble-localize": {
            "version": "0.1.2",
            "resolved": "https://registry.npmjs.org/pebble-localize/-/pebble-localize-0.1.2.tgz",
            "integrity": "sha512-HtASsVK4xnhhFBTPMzl3Nwgay61IeT6ps4ia2qznUlBrOHIYUE3CsMiYk+/YxPsg+M0pHvm2g39ZWLsoAeaW6Q==",
            "dependencies": {
                "@smallstoneapps/linked-list": "^1.3.0"
            }
        },
        "node_modules/pebble-simple-health": {
            "version": "1.0.6",
            "resolved": "https://registry.npmjs.org/pebble-simple-health/-/pebble-simple-health-1.0.6.tgz",
            "integrity": "sha512-/q0bLcL2DhXHCRAHNfBlg2lC3trpqgxDj9ESxZbsTaOvWhsD+26qcRnyu80rLPYbUGIa+qt7+ytuOMF2b51Ehw==",
            "dependencies": {
                "pebble-events": "^1.1.0"
            }
        },
        "node_modules/pebble-utf8": {
            "version": "1.0.1",
            "resolved": "https://registry.npmjs.org/pebble-utf8/-/pebble-utf8-1.0.1.tgz",
            "integrity": "sha512-sJFM4DCbF1HNiPn7Kh2QaJKQyaEEtGOChmGpsOxRdxCkcNjdUvI/ITnvxnL36zStpUCfMiraAN2IHIG8NXhoIw=="
        },
        "node_modules/suncalc": {
            "version": "1.9.0",
            "resolved": "https://registry.npmjs.org/suncalc/-/suncalc-1.9.0.tgz",
            "integrity": "sha512-vMJ8Byp1uIPoj+wb9c1AdK4jpkSKVAywgHX0lqY7zt6+EWRRC3Z+0Ucfjy/0yxTVO1hwwchZe4uoFNqrIC24+A=="
        }
    },
    "dependencies": {
        "@smallstoneapps/linked-list": {
            "version": "1.4.0",
            "resolved": "https://registry.npmjs.org/@smallstoneapps/linked-list/-/linked-list-1.4.0.tgz",
            "integrity": "sha512-UfGJfnRgb5eB/Mm1ZppupO7oEMgXD23mKs/T/QD0BiA23EPEju7xIdhDI1e7uiqdxuwBRHApg6iLB9Sy7HciWg=="
        },
        "pebble-clay": {
            "version": "1.0.4",
            "resolved": "https://registry.npmjs.org/pebble-clay/-/pebble-clay-1.0.4.tgz",
            "integrity": "sha512-/rXxmltdW8JyohDzXINdea+d2wnFJVNFiTXfuZsKpySURZSCFMMucX9sZPZvbHnEA4xFINM4iicyhBbvY4ALfw=="
        },
        "pebble-events": {
            "version": "1.2.0",
            "resolved": "https://registry.npmjs.org/pebble-events/-/pebble-events-1.2.0.tgz",
            "integrity": "sha512-lxHrEfxGQw7umptcwhIzGfPvo6QRpgwT570DuMN3lham1HCPOSkzEqrOOQz/LPyuZpBgzuymEKrHwbLLK0hcwg==",
            "requires": {
                "@smallstoneapps/linked-list": "^1.3.0"
            }
        },
        "pebble-fctx": {
            "version": "1.6.2",
            "resolved": "https://registry.npmjs.org/pebble-fctx/-/pebble-fctx-1.6.2.tgz",
            "integrity": "sha512-eNpDWn/10Y4Uq5sgrkJUPh4P3FOJ81UDeBXNrVZjHvFaxXepmLMHpkEvViQ/Z+XW5u6Y3MhvmKPbUYGsp0UTSw==",
            "requires": {
                "pebble-utf8": "^1.0.1"
            }
        },
        "pebble-generic-weather": {
            "version": "1.1.6",
            "resolved": "https://registry.npmjs.org/pebble-generic-weather/-/pebble-generic-weather-1.1.6.tgz",
            "integrity": "sha512-SAuVc5RL4ZTo879Dj+UsphdgxTppWDOy4vsMCJ1qiLUg8cLVcdXYGYjxr+P+KulAFtDtAqqFMqNxOo1CF4mjgQ==",
            "requires": {
                "pebble-events": "^1.0.0",
                "suncalc": "^1.7.0"
            }
        },
        "pebble-localize": {
            "version": "0.1.2",
            "resolved": "https://registry.npmjs.org/pebble-localize/-/pebble-localize-0.1.2.tgz",
            "integrity": "sha512-HtASsVK4xnhhFBTPMzl3Nwgay61IeT6ps4ia2qznUlBrOHIYUE3CsMiYk+/YxPsg+M0pHvm2g39ZWLsoAeaW6Q==",
            "requires": {
                "@smallstoneapps/linked-list": "^1.3.0"
            }
        },
        "pebble-simple-health": {
            "version": "1.0.6",
            "resolved": "https://registry.npmjs.org/pebble-simple-health/-/pebble-simple-health-1.0.6.tgz",
            "integrity": "sha512-/q0bLcL2DhXHCRAHNfBlg2lC3trpqgxDj9ESxZbsTaOvWhsD+26qcRnyu80rLPYbUGIa+qt7+ytuOMF2b51Ehw==",
            "requires": {
                "pebble-events": "^1.1.0"
            }
        },
        "pebble-utf8": {
            "version": "1.0.1",
            "resolved": "https://registry.npmjs.org/pebble-utf8/-/pebble-utf8-1.0.1.tgz",
            "integrity": "sha512-sJFM4DCbF1HNiPn7Kh2QaJKQyaEEtGOChmGpsOxRdxCkcNjdUvI/ITnvxnL36zStpUCfMiraAN2IHIG8NXhoIw=="
        },
        "suncalc": {
            "version": "1.9.0",
            "resolved": "https://registry.npmjs.org/suncalc/-/suncalc-1.9.0.tgz",
            "integrity": "sha512-vMJ8Byp1uIPoj+wb9c1AdK4jpkSKVAywgHX0lqY7zt6+EWRRC3Z+0Ucfjy/0yxTVO1hwwchZe4uoFNqrIC24+A=="
        }
    }
}
