{
    "name": "cobblestyle-2",
    "version": "1.45.0",
    "lockfileVersion": 2,
    "requires": true,
    "packages": {
        "": {
            "name": "cobblestyle-2",
            "version": "1.45.0",
            "dependencies": {
                "pebble-clay": "1.0.2",
                "pebble-events": "1.1.0",
                "pebble-fctx": "1.5.0",
                "pebble-generic-weather": "1.1.2",
                "pebble-localize": "0.1.1",
                "pebble-simple-health": "1.0.5"
            }
        },
        "node_modules/@smallstoneapps/linked-list": {
            "version": "1.4.0",
            "resolved": "https://registry.npmjs.org/@smallstoneapps/linked-list/-/linked-list-1.4.0.tgz",
            "integrity": "sha512-UfGJfnRgb5eB/Mm1ZppupO7oEMgXD23mKs/T/QD0BiA23EPEju7xIdhDI1e7uiqdxuwBRHApg6iLB9Sy7HciWg=="
        },
        "node_modules/pebble-clay": {
            "version": "1.0.2",
            "resolved": "https://registry.npmjs.org/pebble-clay/-/pebble-clay-1.0.2.tgz",
            "integrity": "sha512-xodtH4DNKFdqRVWxgi0dxYBFMWhkDAb76vpqTGYSnsaK0g3B/cvXwbn6KkBnwwuFbPNiwiFKiiKOrRX9ApS+2A=="
        },
        "node_modules/pebble-events": {
            "version": "1.1.0",
            "resolved": "https://registry.npmjs.org/pebble-events/-/pebble-events-1.1.0.tgz",
            "integrity": "sha512-Q3dPuD/Kp8CJzuBWSPPNPc+2t5IGE1Q5+QM+7RBqIg8Xyp/2sfCdXVGVxcSTKoi6QTt+dQcP9nJmE5KNr5yflA==",
            "dependencies": {
                "@smallstoneapps/linked-list": "^1.2.1"
            }
        },
        "node_modules/pebble-fctx": {
            "version": "1.5.0",
            "resolved": "https://registry.npmjs.org/pebble-fctx/-/pebble-fctx-1.5.0.tgz",
            "integrity": "sha512-9ZhdWmxdIWR9mAiKLaG64iOClPtYfLi36L3G9cGAYJ8mkBW6zclu/H5NUSkqREHzUezEe8SbtJt24mm6sLE7AQ=="
        },
        "node_modules/pebble-generic-weather": {
            "version": "1.1.2",
            "resolved": "https://registry.npmjs.org/pebble-generic-weather/-/pebble-generic-weather-1.1.2.tgz",
            "integrity": "sha512-ciDCqzutm81WJs1pq8lYzUe0kcRiPe4XXNre66jfM5WpGLW0sk6WCJLO6+SoTOXffPwZ3pOXbEfqismkOsQlkQ==",
            "dependencies": {
                "pebble-events": "^1.0.0",
                "suncalc": "^1.7.0"
            }
        },
        "node_modules/pebble-localize": {
            "version": "0.1.1",
            "resolved": "https://registry.npmjs.org/pebble-localize/-/pebble-localize-0.1.1.tgz",
            "integrity": "sha512-7+EUBfLsnx223r8TpS5P+cJU2Q4YLs7+3YRXvb0ukdsXEDkNBsxhjszWv8Zq2uPwnBhQs/rIFYjFoTshtb/U1g==",
            "dependencies": {
                "@smallstoneapps/linked-list": "^1.3.0"
            }
        },
        "node_modules/pebble-simple-health": {
            "version": "1.0.5",
            "resolved": "https://registry.npmjs.org/pebble-simple-health/-/pebble-simple-health-1.0.5.tgz",
            "integrity": "sha512-MSyxOiCDJc5G06lN9MlGzy8Kje+BQXX1NieJm02Gkzq6WdsVuRxRtl8UpnangX6C+RhtoRIp0qdi4tT/h+xI2Q==",
            "dependencies": {
                "pebble-events": "^1.1.0"
            }
        },
        "node_modules/suncalc": {
            "version": "1.9.0",
            "resolved": "https://registry.npmjs.org/suncalc/-/suncalc-1.9.0.tgz",
            "integrity": "sha512-vMJ8Byp1uIPoj+wb9c1AdK4jpkSKVAywgHX0lqY7zt6+EWRRC3Z+0Ucfjy/0yxTVO1hwwchZe4uoFNqrIC24+A=="
        }
    },
    "dependencies": {
        "@smallstoneapps/linked-list": {
            "version": "1.4.0",
            "resolved": "https://registry.npmjs.org/@smallstoneapps/linked-list/-/linked-list-1.4.0.tgz",
            "integrity": "sha512-UfGJfnRgb5eB/Mm1ZppupO7oEMgXD23mKs/T/QD0BiA23EPEju7xIdhDI1e7uiqdxuwBRHApg6iLB9Sy7HciWg=="
        },
        "pebble-clay": {
            "version": "1.0.2",
            "resolved": "https://registry.npmjs.org/pebble-clay/-/pebble-clay-1.0.2.tgz",
            "integrity": "sha512-xodtH4DNKFdqRVWxgi0dxYBFMWhkDAb76vpqTGYSnsaK0g3B/cvXwbn6KkBnwwuFbPNiwiFKiiKOrRX9ApS+2A=="
        },
        "pebble-events": {
            "version": "1.1.0",
            "resolved": "https://registry.npmjs.org/pebble-events/-/pebble-events-1.1.0.tgz",
            "integrity": "sha512-Q3dPuD/Kp8CJzuBWSPPNPc+2t5IGE1Q5+QM+7RBqIg8Xyp/2sfCdXVGVxcSTKoi6QTt+dQcP9nJmE5KNr5yflA==",
            "requires": {
                "@smallstoneapps/linked-list": "^1.2.1"
            }
        },
        "pebble-fctx": {
            "version": "1.5.0",
            "resolved": "https://registry.npmjs.org/pebble-fctx/-/pebble-fctx-1.5.0.tgz",
            "integrity": "sha512-9ZhdWmxdIWR9mAiKLaG64iOClPtYfLi36L3G9cGAYJ8mkBW6zclu/H5NUSkqREHzUezEe8SbtJt24mm6sLE7AQ=="
        },
        "pebble-generic-weather": {
            "version": "1.1.2",
            "resolved": "https://registry.npmjs.org/pebble-generic-weather/-/pebble-generic-weather-1.1.2.tgz",
            "integrity": "sha512-ciDCqzutm81WJs1pq8lYzUe0kcRiPe4XXNre66jfM5WpGLW0sk6WCJLO6+SoTOXffPwZ3pOXbEfqismkOsQlkQ==",
            "requires": {
                "pebble-events": "^1.0.0",
                "suncalc": "^1.7.0"
            }
        },
        "pebble-localize": {
            "version": "0.1.1",
            "resolved": "https://registry.npmjs.org/pebble-localize/-/pebble-localize-0.1.1.tgz",
            "integrity": "sha512-7+EUBfLsnx223r8TpS5P+cJU2Q4YLs7+3YRXvb0ukdsXEDkNBsxhjszWv8Zq2uPwnBhQs/rIFYjFoTshtb/U1g==",
            "requires": {
                "@smallstoneapps/linked-list": "^1.3.0"
            }
        },
        "pebble-simple-health": {
            "version": "1.0.5",
            "resolved": "https://registry.npmjs.org/pebble-simple-health/-/pebble-simple-health-1.0.5.tgz",
            "integrity": "sha512-MSyxOiCDJc5G06lN9MlGzy8Kje+BQXX1NieJm02Gkzq6WdsVuRxRtl8UpnangX6C+RhtoRIp0qdi4tT/h+xI2Q==",
            "requires": {
                "pebble-events": "^1.1.0"
            }
        },
        "suncalc": {
            "version": "1.9.0",
            "resolved": "https://registry.npmjs.org/suncalc/-/suncalc-1.9.0.tgz",
            "integrity": "sha512-vMJ8Byp1uIPoj+wb9c1AdK4jpkSKVAywgHX0lqY7zt6+EWRRC3Z+0Ucfjy/0yxTVO1hwwchZe4uoFNqrIC24+A=="
        }
    }
}
