{
    "name": "cobblestyle-2",
    "version": "1.50.0",
    "lockfileVersion": 3,
    "requires": true,
    "packages": {
        "": {
            "name": "cobblestyle-2",
            "version": "1.50.0",
            "dependencies": {
                "@rebble/clay": "^1.0.10",
                "pebble-events": "^1.2.1",
                "pebble-fctx": "^1.6.5",
                "pebble-simple-health": "^1.0.7"
            }
        },
        "node_modules/@rebble/clay": {
            "version": "1.0.10",
            "resolved": "https://registry.npmjs.org/@rebble/clay/-/clay-1.0.10.tgz",
            "integrity": "sha512-84EL9J6egrnWk/FzqCxRa9/vqO4fx7SBxdttthLEpBro+FVqUg+rMlqOzT8+zl4PkBQKAWdnqHwlHaS4heiXKg==",
            "license": "MIT"
        },
        "node_modules/@rebble/linked-list": {
            "version": "1.5.1",
            "resolved": "https://registry.npmjs.org/@rebble/linked-list/-/linked-list-1.5.1.tgz",
            "integrity": "sha512-2LFdkLnf+xRyTs/SdId7i+4vGUj6IQjl/V2FNZ6OQuZsiWrVK9ukP+tcALICm6u9SOYuGNw9zKOCRNjZcNc76Q==",
            "license": "MIT"
        },
        "node_modules/pebble-events": {
            "version": "1.2.1",
            "resolved": "https://registry.npmjs.org/pebble-events/-/pebble-events-1.2.1.tgz",
            "integrity": "sha512-rbDISKvtemZIXGeCY8GYjXFHDnnA45pFwMxUZaXT9Zeh+OVkWuI9tYntlqrSC8iqchde8Z269L1UJ5oYnHTniQ==",
            "license": "MIT",
            "dependencies": {
                "@rebble/linked-list": "^1.5.1"
            }
        },
        "node_modules/pebble-fctx": {
            "version": "1.6.5",
            "resolved": "https://registry.npmjs.org/pebble-fctx/-/pebble-fctx-1.6.5.tgz",
            "integrity": "sha512-7anuUL2GTnlVbHE3eJgwElfDv3ltZIruSU1iB3FIo6xGX3cyxboOxtcRha8OM+xCOLm93xzqknNO8aP3vjhPiQ==",
            "license": "MIT",
            "dependencies": {
                "pebble-utf8": "^1.0.4"
            }
        },
        "node_modules/pebble-simple-health": {
            "version": "1.0.7",
            "resolved": "https://registry.npmjs.org/pebble-simple-health/-/pebble-simple-health-1.0.7.tgz",
            "integrity": "sha512-TpgVZrS6pHzgXgNgoRmUespnO8U7iUoWhqaAwIgcYiaGHJ2k4sB7FGabA913CMELkaTeEhU2VALGOaBuKrcp1w==",
            "license": "MIT",
            "dependencies": {
                "pebble-events": "^1.2.1"
            }
        },
        "node_modules/pebble-utf8": {
            "version": "1.0.4",
            "resolved": "https://registry.npmjs.org/pebble-utf8/-/pebble-utf8-1.0.4.tgz",
            "integrity": "sha512-DcDlpj6ptTqRgtTDsJD7xxtLBnlUbq1QzentUgDQQqS9c+C99J/VQ6jjDAECi+Sds6MOB4u6ghjogP3zIo46Rg==",
            "license": "MIT"
        }
    }
}
